// !$*UTF8*$!
{
	archiveVersion = 1;
	classes = {
	};
	objectVersion = 46;
	objects = {

/* Begin PBXBuildFile section */
		1A3A3AC21D0070300042C96D /* SwinjectStoreboard+Setup.swift in Sources */ = {isa = PBXBuildFile; fileRef = 1A3A3AC11D0070300042C96D /* SwinjectStoreboard+Setup.swift */; };
		1AFF57D91CFF232700ADAE2B /* AppDelegate.swift in Sources */ = {isa = PBXBuildFile; fileRef = 1AFF57D81CFF232700ADAE2B /* AppDelegate.swift */; };
		1AFF57DB1CFF232700ADAE2B /* ViewController.swift in Sources */ = {isa = PBXBuildFile; fileRef = 1AFF57DA1CFF232700ADAE2B /* ViewController.swift */; };
		1AFF57DE1CFF232700ADAE2B /* Main.storyboard in Resources */ = {isa = PBXBuildFile; fileRef = 1AFF57DC1CFF232700ADAE2B /* Main.storyboard */; };
		1AFF57E01CFF232700ADAE2B /* Assets.xcassets in Resources */ = {isa = PBXBuildFile; fileRef = 1AFF57DF1CFF232700ADAE2B /* Assets.xcassets */; };
		1AFF57E31CFF232700ADAE2B /* LaunchScreen.storyboard in Resources */ = {isa = PBXBuildFile; fileRef = 1AFF57E11CFF232700ADAE2B /* LaunchScreen.storyboard */; };
		1AFF57EF1CFF283500ADAE2B /* AnimalType.swift in Sources */ = {isa = PBXBuildFile; fileRef = 1AFF57EE1CFF283500ADAE2B /* AnimalType.swift */; };
		1AFF57F11CFF285700ADAE2B /* PersonType.swift in Sources */ = {isa = PBXBuildFile; fileRef = 1AFF57F01CFF285700ADAE2B /* PersonType.swift */; };
		B6A0CA7577D9614C9C740868 /* Pods_SwinjectDemo.framework in Frameworks */ = {isa = PBXBuildFile; fileRef = DEFE09741A70B8131DAF914C /* Pods_SwinjectDemo.framework */; };
/* End PBXBuildFile section */

/* Begin PBXFileReference section */
		1A3A3AC11D0070300042C96D /* SwinjectStoreboard+Setup.swift */ = {isa = PBXFileReference; fileEncoding = 4; lastKnownFileType = sourcecode.swift; path = "SwinjectStoreboard+Setup.swift"; sourceTree = "<group>"; };
		1AFF57D51CFF232700ADAE2B /* SwinjectDemo.app */ = {isa = PBXFileReference; explicitFileType = wrapper.application; includeInIndex = 0; path = SwinjectDemo.app; sourceTree = BUILT_PRODUCTS_DIR; };
		1AFF57D81CFF232700ADAE2B /* AppDelegate.swift */ = {isa = PBXFileReference; lastKnownFileType = sourcecode.swift; path = AppDelegate.swift; sourceTree = "<group>"; };
		1AFF57DA1CFF232700ADAE2B /* ViewController.swift */ = {isa = PBXFileReference; lastKnownFileType = sourcecode.swift; path = ViewController.swift; sourceTree = "<group>"; };
		1AFF57DD1CFF232700ADAE2B /* Base */ = {isa = PBXFileReference; lastKnownFileType = file.storyboard; name = Base; path = Base.lproj/Main.storyboard; sourceTree = "<group>"; };
		1AFF57DF1CFF232700ADAE2B /* Assets.xcassets */ = {isa = PBXFileReference; lastKnownFileType = folder.assetcatalog; path = Assets.xcassets; sourceTree = "<group>"; };
		1AFF57E21CFF232700ADAE2B /* Base */ = {isa = PBXFileReference; lastKnownFileType = file.storyboard; name = Base; path = Base.lproj/LaunchScreen.storyboard; sourceTree = "<group>"; };
		1AFF57E41CFF232700ADAE2B /* Info.plist */ = {isa = PBXFileReference; lastKnownFileType = text.plist.xml; path = Info.plist; sourceTree = "<group>"; };
		1AFF57EE1CFF283500ADAE2B /* AnimalType.swift */ = {isa = PBXFileReference; fileEncoding = 4; lastKnownFileType = sourcecode.swift; path = AnimalType.swift; sourceTree = "<group>"; };
		1AFF57F01CFF285700ADAE2B /* PersonType.swift */ = {isa = PBXFileReference; fileEncoding = 4; lastKnownFileType = sourcecode.swift; path = PersonType.swift; sourceTree = "<group>"; };
		5ABE996B934E73792959663A /* Pods-SwinjectDemo.release.xcconfig */ = {isa = PBXFileReference; includeInIndex = 1; lastKnownFileType = text.xcconfig; name = "Pods-SwinjectDemo.release.xcconfig"; path = "Pods/Target Support Files/Pods-SwinjectDemo/Pods-SwinjectDemo.release.xcconfig"; sourceTree = "<group>"; };
		DEFE09741A70B8131DAF914C /* Pods_SwinjectDemo.framework */ = {isa = PBXFileReference; explicitFileType = wrapper.framework; includeInIndex = 0; path = Pods_SwinjectDemo.framework; sourceTree = BUILT_PRODUCTS_DIR; };
		F7446942451871BB059FA9D8 /* Pods-SwinjectDemo.debug.xcconfig */ = {isa = PBXFileReference; includeInIndex = 1; lastKnownFileType = text.xcconfig; name = "Pods-SwinjectDemo.debug.xcconfig"; path = "Pods/Target Support Files/Pods-SwinjectDemo/Pods-SwinjectDemo.debug.xcconfig"; sourceTree = "<group>"; };
/* End PBXFileReference section */

/* Begin PBXFrameworksBuildPhase section */
		1AFF57D21CFF232700ADAE2B /* Frameworks */ = {
			isa = PBXFrameworksBuildPhase;
			buildActionMask = 2147483647;
			files = (
				B6A0CA7577D9614C9C740868 /* Pods_SwinjectDemo.framework in Frameworks */,
			);
			runOnlyForDeploymentPostprocessing = 0;
		};
/* End PBXFrameworksBuildPhase section */

/* Begin PBXGroup section */
		1AFF57CC1CFF232700ADAE2B = {
			isa = PBXGroup;
			children = (
				1AFF57D71CFF232700ADAE2B /* SwinjectDemo */,
				1AFF57D61CFF232700ADAE2B /* Products */,
				682F5C4601FAF05ABEBBA385 /* Pods */,
				7B7CE9C009DD63F415C510E9 /* Frameworks */,
			);
			sourceTree = "<group>";
		};
		1AFF57D61CFF232700ADAE2B /* Products */ = {
			isa = PBXGroup;
			children = (
				1AFF57D51CFF232700ADAE2B /* SwinjectDemo.app */,
			);
			name = Products;
			sourceTree = "<group>";
		};
		1AFF57D71CFF232700ADAE2B /* SwinjectDemo */ = {
			isa = PBXGroup;
			children = (
				1AFF57D81CFF232700ADAE2B /* AppDelegate.swift */,
				1AFF57DA1CFF232700ADAE2B /* ViewController.swift */,
				1AFF57DC1CFF232700ADAE2B /* Main.storyboard */,
				1AFF57DF1CFF232700ADAE2B /* Assets.xcassets */,
				1AFF57E11CFF232700ADAE2B /* LaunchScreen.storyboard */,
				1AFF57E41CFF232700ADAE2B /* Info.plist */,
				1AFF57EE1CFF283500ADAE2B /* AnimalType.swift */,
				1AFF57F01CFF285700ADAE2B /* PersonType.swift */,
				1A3A3AC11D0070300042C96D /* SwinjectStoreboard+Setup.swift */,
			);
			path = SwinjectDemo;
			sourceTree = "<group>";
		};
		682F5C4601FAF05ABEBBA385 /* Pods */ = {
			isa = PBXGroup;
			children = (
				F7446942451871BB059FA9D8 /* Pods-SwinjectDemo.debug.xcconfig */,
				5ABE996B934E73792959663A /* Pods-SwinjectDemo.release.xcconfig */,
			);
			name = Pods;
			sourceTree = "<group>";
		};
		7B7CE9C009DD63F415C510E9 /* Frameworks */ = {
			isa = PBXGroup;
			children = (
				DEFE09741A70B8131DAF914C /* Pods_SwinjectDemo.framework */,
			);
			name = Frameworks;
			sourceTree = "<group>";
		};
/* End PBXGroup section */

/* Begin PBXNativeTarget section */
		1AFF57D41CFF232700ADAE2B /* SwinjectDemo */ = {
			isa = PBXNativeTarget;
			buildConfigurationList = 1AFF57E71CFF232700ADAE2B /* Build configuration list for PBXNativeTarget "SwinjectDemo" */;
			buildPhases = (
				040DFF3B3450B523A1661A38 /* 📦 Check Pods Manifest.lock */,
				1AFF57D11CFF232700ADAE2B /* Sources */,
				1AFF57D21CFF232700ADAE2B /* Frameworks */,
				1AFF57D31CFF232700ADAE2B /* Resources */,
				6A008310CD46B8D06D1F62F2 /* 📦 Embed Pods Frameworks */,
				CD4E729E84AE9F7398224350 /* 📦 Copy Pods Resources */,
			);
			buildRules = (
			);
			dependencies = (
			);
			name = SwinjectDemo;
			productName = SwinjectDemo;
			productReference = 1AFF57D51CFF232700ADAE2B /* SwinjectDemo.app */;
			productType = "com.apple.product-type.application";
		};
/* End PBXNativeTarget section */

/* Begin PBXProject section */
		1AFF57CD1CFF232700ADAE2B /* Project object */ = {
			isa = PBXProject;
			attributes = {
				LastSwiftUpdateCheck = 0730;
				LastUpgradeCheck = 0730;
				ORGANIZATIONNAME = "JING SHEN";
				TargetAttributes = {
					1AFF57D41CFF232700ADAE2B = {
						CreatedOnToolsVersion = 7.3.1;
						DevelopmentTeam = 7GK74A273P;
					};
				};
			};
			buildConfigurationList = 1AFF57D01CFF232700ADAE2B /* Build configuration list for PBXProject "SwinjectDemo" */;
			compatibilityVersion = "Xcode 3.2";
			developmentRegion = English;
			hasScannedForEncodings = 0;
			knownRegions = (
				en,
				Base,
			);
			mainGroup = 1AFF57CC1CFF232700ADAE2B;
			productRefGroup = 1AFF57D61CFF232700ADAE2B /* Products */;
			projectDirPath = "";
			projectRoot = "";
			targets = (
				1AFF57D41CFF232700ADAE2B /* SwinjectDemo */,
			);
		};
/* End PBXProject section */

/* Begin PBXResourcesBuildPhase section */
		1AFF57D31CFF232700ADAE2B /* Resources */ = {
			isa = PBXResourcesBuildPhase;
			buildActionMask = 2147483647;
			files = (
				1AFF57E31CFF232700ADAE2B /* LaunchScreen.storyboard in Resources */,
				1AFF57E01CFF232700ADAE2B /* Assets.xcassets in Resources */,
				1AFF57DE1CFF232700ADAE2B /* Main.storyboard in Resources */,
			);
			runOnlyForDeploymentPostprocessing = 0;
		};
/* End PBXResourcesBuildPhase section */

/* Begin PBXShellScriptBuildPhase section */
		040DFF3B3450B523A1661A38 /* 📦 Check Pods Manifest.lock */ = {
			isa = PBXShellScriptBuildPhase;
			buildActionMask = 2147483647;
			files = (
			);
			inputPaths = (
			);
			name = "📦 Check Pods Manifest.lock";
			outputPaths = (
			);
			runOnlyForDeploymentPostprocessing = 0;
			shellPath = /bin/sh;
			shellScript = "diff \"${PODS_ROOT}/../Podfile.lock\" \"${PODS_ROOT}/Manifest.lock\" > /dev/null\nif [[ $? != 0 ]] ; then\n    cat << EOM\nerror: The sandbox is not in sync with the Podfile.lock. Run 'pod install' or update your CocoaPods installation.\nEOM\n    exit 1\nfi\n";
			showEnvVarsInLog = 0;
		};
		6A008310CD46B8D06D1F62F2 /* 📦 Embed Pods Frameworks */ = {
			isa = PBXShellScriptBuildPhase;
			buildActionMask = 2147483647;
			files = (
			);
			inputPaths = (
			);
			name = "📦 Embed Pods Frameworks";
			outputPaths = (
			);
			runOnlyForDeploymentPostprocessing = 0;
			shellPath = /bin/sh;
			shellScript = "\"${SRCROOT}/Pods/Target Support Files/Pods-SwinjectDemo/Pods-SwinjectDemo-frameworks.sh\"\n";
			showEnvVarsInLog = 0;
		};
		CD4E729E84AE9F7398224350 /* 📦 Copy Pods Resources */ = {
			isa = PBXShellScriptBuildPhase;
			buildActionMask = 2147483647;
			files = (
			);
			inputPaths = (
			);
			name = "📦 Copy Pods Resources";
			outputPaths = (
			);
			runOnlyForDeploymentPostprocessing = 0;
			shellPath = /bin/sh;
			shellScript = "\"${SRCROOT}/Pods/Target Support Files/Pods-SwinjectDemo/Pods-SwinjectDemo-resources.sh\"\n";
			showEnvVarsInLog = 0;
		};
/* End PBXShellScriptBuildPhase section */

/* Begin PBXSourcesBuildPhase section */
		1AFF57D11CFF232700ADAE2B /* Sources */ = {
			isa = PBXSourcesBuildPhase;
			buildActionMask = 2147483647;
			files = (
				1AFF57DB1CFF232700ADAE2B /* ViewController.swift in Sources */,
				1AFF57D91CFF232700ADAE2B /* AppDelegate.swift in Sources */,
				1AFF57F11CFF285700ADAE2B /* PersonType.swift in Sources */,
				1A3A3AC21D0070300042C96D /* SwinjectStoreboard+Setup.swift in Sources */,
				1AFF57EF1CFF283500ADAE2B /* AnimalType.swift in Sources */,
			);
			runOnlyForDeploymentPostprocessing = 0;
		};
/* End PBXSourcesBuildPhase section */

/* Begin PBXVariantGroup section */
		1AFF57DC1CFF232700ADAE2B /* Main.storyboard */ = {
			isa = PBXVariantGroup;
			children = (
				1AFF57DD1CFF232700ADAE2B /* Base */,
			);
			name = Main.storyboard;
			sourceTree = "<group>";
		};
		1AFF57E11CFF232700ADAE2B /* LaunchScreen.storyboard */ = {
			isa = PBXVariantGroup;
			children = (
				1AFF57E21CFF232700ADAE2B /* Base */,
			);
			name = LaunchScreen.storyboard;
			sourceTree = "<group>";
		};
/* End PBXVariantGroup section */

/* Begin XCBuildConfiguration section */
		1AFF57E51CFF232700ADAE2B /* Debug */ = {
			isa = XCBuildConfiguration;
			buildSettings = {
				ALWAYS_SEARCH_USER_PATHS = NO;
				CLANG_ANALYZER_NONNULL = YES;
				CLANG_CXX_LANGUAGE_STANDARD = "gnu++0x";
				CLANG_CXX_LIBRARY = "libc++";
				CLANG_ENABLE_MODULES = YES;
				CLANG_ENABLE_OBJC_ARC = YES;
				CLANG_WARN_BOOL_CONVERSION = YES;
				CLANG_WARN_CONSTANT_CONVERSION = YES;
				CLANG_WARN_DIRECT_OBJC_ISA_USAGE = YES_ERROR;
				CLANG_WARN_EMPTY_BODY = YES;
				CLANG_WARN_ENUM_CONVERSION = YES;
				CLANG_WARN_INT_CONVERSION = YES;
				CLANG_WARN_OBJC_ROOT_CLASS = YES_ERROR;
				CLANG_WARN_UNREACHABLE_CODE = YES;
				CLANG_WARN__DUPLICATE_METHOD_MATCH = YES;
				"CODE_SIGN_IDENTITY[sdk=iphoneos*]" = "iPhone Developer";
				COPY_PHASE_STRIP = NO;
				DEBUG_INFORMATION_FORMAT = dwarf;
				ENABLE_STRICT_OBJC_MSGSEND = YES;
				ENABLE_TESTABILITY = YES;
				GCC_C_LANGUAGE_STANDARD = gnu99;
				GCC_DYNAMIC_NO_PIC = NO;
				GCC_NO_COMMON_BLOCKS = YES;
				GCC_OPTIMIZATION_LEVEL = 0;
				GCC_PREPROCESSOR_DEFINITIONS = (
					"DEBUG=1",
					"$(inherited)",
				);
				GCC_WARN_64_TO_32_BIT_CONVERSION = YES;
				GCC_WARN_ABOUT_RETURN_TYPE = YES_ERROR;
				GCC_WARN_UNDECLARED_SELECTOR = YES;
				GCC_WARN_UNINITIALIZED_AUTOS = YES_AGGRESSIVE;
				GCC_WARN_UNUSED_FUNCTION = YES;
				GCC_WARN_UNUSED_VARIABLE = YES;
				IPHONEOS_DEPLOYMENT_TARGET = 9.3;
				MTL_ENABLE_DEBUG_INFO = YES;
				ONLY_ACTIVE_ARCH = YES;
				SDKROOT = iphoneos;
				SWIFT_OPTIMIZATION_LEVEL = "-Onone";
				TARGETED_DEVICE_FAMILY = "1,2";
			};
			name = Debug;
		};
		1AFF57E61CFF232700ADAE2B /* Release */ = {
			isa = XCBuildConfiguration;
			buildSettings = {
				ALWAYS_SEARCH_USER_PATHS = NO;
				CLANG_ANALYZER_NONNULL = YES;
				CLANG_CXX_LANGUAGE_STANDARD = "gnu++0x";
				CLANG_CXX_LIBRARY = "libc++";
				CLANG_ENABLE_MODULES = YES;
				CLANG_ENABLE_OBJC_ARC = YES;
				CLANG_WARN_BOOL_CONVERSION = YES;
				CLANG_WARN_CONSTANT_CONVERSION = YES;
				CLANG_WARN_DIRECT_OBJC_ISA_USAGE = YES_ERROR;
				CLANG_WARN_EMPTY_BODY = YES;
				CLANG_WARN_ENUM_CONVERSION = YES;
				CLANG_WARN_INT_CONVERSION = YES;
				CLANG_WARN_OBJC_ROOT_CLASS = YES_ERROR;
				CLANG_WARN_UNREACHABLE_CODE = YES;
				CLANG_WARN__DUPLICATE_METHOD_MATCH = YES;
				"CODE_SIGN_IDENTITY[sdk=iphoneos*]" = "iPhone Developer";
				COPY_PHASE_STRIP = NO;
				DEBUG_INFORMATION_FORMAT = "dwarf-with-dsym";
				ENABLE_NS_ASSERTIONS = NO;
				ENABLE_STRICT_OBJC_MSGSEND = YES;
				GCC_C_LANGUAGE_STANDARD = gnu99;
				GCC_NO_COMMON_BLOCKS = YES;
				GCC_WARN_64_TO_32_BIT_CONVERSION = YES;
				GCC_WARN_ABOUT_RETURN_TYPE = YES_ERROR;
				GCC_WARN_UNDECLARED_SELECTOR = YES;
				GCC_WARN_UNINITIALIZED_AUTOS = YES_AGGRESSIVE;
				GCC_WARN_UNUSED_FUNCTION = YES;
				GCC_WARN_UNUSED_VARIABLE = YES;
				IPHONEOS_DEPLOYMENT_TARGET = 9.3;
				MTL_ENABLE_DEBUG_INFO = NO;
				SDKROOT = iphoneos;
				TARGETED_DEVICE_FAMILY = "1,2";
				VALIDATE_PRODUCT = YES;
			};
			name = Release;
		};
		1AFF57E81CFF232700ADAE2B /* Debug */ = {
			isa = XCBuildConfiguration;
			baseConfigurationReference = F7446942451871BB059FA9D8 /* Pods-SwinjectDemo.debug.xcconfig */;
			buildSettings = {
				ASSETCATALOG_COMPILER_APPICON_NAME = AppIcon;
				FRAMEWORK_SEARCH_PATHS = (
					"$(inherited)",
					"$(PROJECT_DIR)/Build/Products/Debug-iphonesimulator/Swinject",
				);
				INFOPLIST_FILE = SwinjectDemo/Info.plist;
				LD_RUNPATH_SEARCH_PATHS = "$(inherited) @executable_path/Frameworks";
				PRODUCT_BUNDLE_IDENTIFIER = com.guidebee.ios.SwinjectDemo;
				PRODUCT_NAME = "$(TARGET_NAME)";
			};
			name = Debug;
		};
		1AFF57E91CFF232700ADAE2B /* Release */ = {
			isa = XCBuildConfiguration;
			baseConfigurationReference = 5ABE996B934E73792959663A /* Pods-SwinjectDemo.release.xcconfig */;
			buildSettings = {
				ASSETCATALOG_COMPILER_APPICON_NAME = AppIcon;
				FRAMEWORK_SEARCH_PATHS = (
					"$(inherited)",
					"$(PROJECT_DIR)/Build/Products/Debug-iphonesimulator/Swinject",
				);
				INFOPLIST_FILE = SwinjectDemo/Info.plist;
				LD_RUNPATH_SEARCH_PATHS = "$(inherited) @executable_path/Frameworks";
				PRODUCT_BUNDLE_IDENTIFIER = com.guidebee.ios.SwinjectDemo;
				PRODUCT_NAME = "$(TARGET_NAME)";
			};
			name = Release;
		};
/* End XCBuildConfiguration section */

/* Begin XCConfigurationList section */
		1AFF57D01CFF232700ADAE2B /* Build configuration list for PBXProject "SwinjectDemo" */ = {
			isa = XCConfigurationList;
			buildConfigurations = (
				1AFF57E51CFF232700ADAE2B /* Debug */,
				1AFF57E61CFF232700ADAE2B /* Release */,
			);
			defaultConfigurationIsVisible = 0;
			defaultConfigurationName = Release;
		};
		1AFF57E71CFF232700ADAE2B /* Build configuration list for PBXNativeTarget "SwinjectDemo" */ = {
			isa = XCConfigurationList;
			buildConfigurations = (
				1AFF57E81CFF232700ADAE2B /* Debug */,
				1AFF57E91CFF232700ADAE2B /* Release */,
			);
			defaultConfigurationIsVisible = 0;
			defaultConfigurationName = Release;
		};
/* End XCConfigurationList section */
	};
	rootObject = 1AFF57CD1CFF232700ADAE2B /* Project object */;
}
